<?xml version="1.0" encoding="UTF-8" standalone="yes" ?>
<CodeBlocks_project_file>
	<FileVersion major="1" minor="6" />
	<Project>
		<Option title="Frost_And_Flame" />
		<Option compiler="gcc" />
		<Build>
			<Target title="Windows">
				<Option platforms="Windows;" />
				<Option output="Frost_And_Flame" prefix_auto="1" extension_auto="1" />
				<Option type="0" />
				<Option compiler="gcc" />
				<Compiler>
					<Add option="-O3" />
					<Add directory="C:/MinGW/include" />
					<Add directory="C:/MinGW/include/SDL" />
				</Compiler>
				<Linker>
					<Add option="-s" />
					<Add option="-static-libstdc++" />
					<Add option="-static-libgcc" />
					<Add library="mingw32" />
					<Add library="SDLmain" />
					<Add library="SDL" />
					<Add library="SDL_image" />
					<Add library="SDL_mixer" />
					<Add library="SDL_ttf" />
					<Add library="SDL_net" />
					<Add library="opengl32" />
					<Add library="libphysfs" />
					<Add directory="C:/MinGW/lib" />
				</Linker>
			</Target>
			<Target title="Linux">
				<Option platforms="Unix;" />
				<Option output="Frost_And_Flame" prefix_auto="1" extension_auto="1" />
				<Option type="0" />
				<Option compiler="gcc" />
				<Compiler>
					<Add option="-Wextra" />
					<Add option="-Wall" />
				</Compiler>
				<Linker>
					<Add option="-static-libstdc++" />
					<Add option="-static-libgcc" />
					<Add library="SDLmain" />
					<Add library="SDL" />
					<Add library="SDL_mixer" />
					<Add library="SDL_image" />
					<Add library="freetype" />
					<Add library="SDL_net" />
					<Add library="SDL_ttf" />
					<Add library="GL" />
					<Add library="\usr\lib\nvidia-current\libGL.so" />
					<Add directory="/host/Program Files (x86)/CodeBlocks/MinGW/lib" />
					<Add directory="/usr/lib" />
				</Linker>
			</Target>
			<Target title="Debug_Win">
				<Option platforms="Windows;" />
				<Option output="Frost_And_Flame" prefix_auto="1" extension_auto="1" />
				<Option type="0" />
				<Option compiler="gcc" />
				<Compiler>
					<Add option="-pg" />
					<Add option="-g" />
					<Add directory="C:/MinGW/include" />
					<Add directory="C:/MinGW/include/SDL" />
				</Compiler>
				<Linker>
					<Add option="-pg -lgmon" />
					<Add option="-static-libstdc++" />
					<Add option="-static-libgcc" />
					<Add library="mingw32" />
					<Add library="SDLmain" />
					<Add library="SDL" />
					<Add library="SDL_image" />
					<Add library="SDL_mixer" />
					<Add library="SDL_ttf" />
					<Add library="SDL_net" />
					<Add library="opengl32" />
					<Add library="libphysfs" />
					<Add directory="C:/MinGW/lib" />
				</Linker>
			</Target>
			<Target title="Debug_Linux">
				<Option platforms="Unix;" />
				<Option output="Frost_And_Flame" prefix_auto="1" extension_auto="1" />
				<Option type="0" />
				<Option compiler="gcc" />
				<Compiler>
					<Add option="-pg" />
					<Add option="-g" />
				</Compiler>
				<Linker>
					<Add option="-pg -lgmon" />
					<Add option="-static-libstdc++" />
					<Add option="-static-libgcc" />
					<Add library="SDLmain" />
					<Add library="SDL" />
					<Add library="SDL_mixer" />
					<Add library="SDL_image" />
					<Add library="freetype" />
					<Add library="SDL_net" />
					<Add library="SDL_ttf" />
					<Add library="GL" />
					<Add library="\usr\lib\nvidia-current\libGL.so" />
					<Add directory="/host/Program Files (x86)/CodeBlocks/MinGW/lib" />
					<Add directory="/usr/lib" />
				</Linker>
			</Target>
		</Build>
		<Compiler>
			<Add option="-Wextra" />
			<Add option="-Wall" />
			<Add option="-Wno-write-strings" />
			<Add directory='&quot;C:/MinGW/include&quot;' />
		</Compiler>
		<Linker>
			<Add directory='&quot;C:/MinGW/lib&quot;' />
			<Add directory="/usr/lib" />
		</Linker>
		<Unit filename="Readme.md" />
		<Unit filename="changelog.txt" />
		<Unit filename="credits.txt" />
		<Unit filename="frost_and_flame.cfg" />
		<Unit filename="frost_and_flame.log" />
		<Unit filename="source/UI/UI.cpp" />
		<Unit filename="source/UI/UI.hpp" />
		<Unit filename="source/UI/action_bar.cpp" />
		<Unit filename="source/UI/action_bar.hpp" />
		<Unit filename="source/UI/character_window.cpp" />
		<Unit filename="source/UI/character_window.hpp" />
		<Unit filename="source/UI/equipment_window.cpp" />
		<Unit filename="source/UI/equipment_window.hpp" />
		<Unit filename="source/UI/inventory_window.cpp" />
		<Unit filename="source/UI/inventory_window.hpp" />
		<Unit filename="source/UI/loading_screen.cpp" />
		<Unit filename="source/UI/loading_screen.hpp" />
		<Unit filename="source/UI/menu_game_load.cpp" />
		<Unit filename="source/UI/menu_game_load.hpp" />
		<Unit filename="source/UI/menu_game_new.cpp" />
		<Unit filename="source/UI/menu_game_new.hpp" />
		<Unit filename="source/UI/menu_game_save.cpp" />
		<Unit filename="source/UI/menu_game_save.hpp" />
		<Unit filename="source/UI/menu_main.cpp" />
		<Unit filename="source/UI/menu_main.hpp" />
		<Unit filename="source/UI/menu_options.cpp" />
		<Unit filename="source/UI/menu_options.hpp" />
		<Unit filename="source/UI/player_profile.cpp" />
		<Unit filename="source/UI/player_profile.hpp" />
		<Unit filename="source/UI/quest_log_window.cpp" />
		<Unit filename="source/UI/quest_log_window.hpp" />
		<Unit filename="source/UI/skillbook_window.cpp" />
		<Unit filename="source/UI/skillbook_window.hpp" />
		<Unit filename="source/UI/window.cpp" />
		<Unit filename="source/UI/window.hpp" />
		<Unit filename="source/UI/window_cursor.cpp" />
		<Unit filename="source/UI/window_cursor.hpp" />
		<Unit filename="source/UI/window_element.cpp" />
		<Unit filename="source/UI/window_element.hpp" />
		<Unit filename="source/UI/window_manager.cpp" />
		<Unit filename="source/UI/window_manager.hpp" />
		<Unit filename="source/command_line_parser.cpp" />
		<Unit filename="source/command_line_parser.hpp" />
		<Unit filename="source/core/background.cpp" />
		<Unit filename="source/core/background.hpp" />
		<Unit filename="source/core/config.cpp" />
		<Unit filename="source/core/config.hpp" />
		<Unit filename="source/core/core.cpp" />
		<Unit filename="source/core/core.hpp" />
		<Unit filename="source/core/file.cpp" />
		<Unit filename="source/core/file.hpp" />
		<Unit filename="source/core/font.cpp" />
		<Unit filename="source/core/font.hpp" />
		<Unit filename="source/core/graphics.cpp" />
		<Unit filename="source/core/graphics.hpp" />
		<Unit filename="source/core/io.cpp" />
		<Unit filename="source/core/io.hpp" />
		<Unit filename="source/core/loader_md2.cpp" />
		<Unit filename="source/core/loader_md2.hpp" />
		<Unit filename="source/core/loader_obj.cpp" />
		<Unit filename="source/core/loader_obj.hpp" />
		<Unit filename="source/core/loader_tmx.cpp" />
		<Unit filename="source/core/loader_tmx.hpp" />
		<Unit filename="source/core/log.cpp" />
		<Unit filename="source/core/log.hpp" />
		<Unit filename="source/core/map_2D.cpp" />
		<Unit filename="source/core/map_2D.hpp" />
		<Unit filename="source/core/map_3D.cpp" />
		<Unit filename="source/core/map_3D.hpp" />
		<Unit filename="source/core/map_gen.cpp" />
		<Unit filename="source/core/map_gen.hpp" />
		<Unit filename="source/core/misc.cpp" />
		<Unit filename="source/core/misc.hpp" />
		<Unit filename="source/core/music.cpp" />
		<Unit filename="source/core/music.hpp" />
		<Unit filename="source/core/network.cpp" />
		<Unit filename="source/core/network.hpp" />
		<Unit filename="source/core/particles.cpp" />
		<Unit filename="source/core/particles.hpp" />
		<Unit filename="source/core/pathfinding.cpp" />
		<Unit filename="source/core/pathfinding.hpp" />
		<Unit filename="source/core/physics.cpp" />
		<Unit filename="source/core/physics.hpp" />
		<Unit filename="source/core/rs232.cpp" />
		<Unit filename="source/core/rs232.hpp" />
		<Unit filename="source/core/savegame.cpp" />
		<Unit filename="source/core/savegame.hpp" />
		<Unit filename="source/core/sound.cpp" />
		<Unit filename="source/core/sound.hpp" />
		<Unit filename="source/core/sound_manager.cpp" />
		<Unit filename="source/core/sound_manager.hpp" />
		<Unit filename="source/core/texture_manager.cpp" />
		<Unit filename="source/core/texture_manager.hpp" />
		<Unit filename="source/core/timer.cpp" />
		<Unit filename="source/core/timer.hpp" />
		<Unit filename="source/core/types.hpp" />
		<Unit filename="source/core/vector.cpp" />
		<Unit filename="source/core/vector.hpp" />
		<Unit filename="source/game.cpp" />
		<Unit filename="source/game.hpp" />
		<Unit filename="source/icon.rc">
			<Option compilerVar="WINDRES" />
		</Unit>
		<Unit filename="source/item_manager.cpp" />
		<Unit filename="source/item_manager.hpp" />
		<Unit filename="source/language.cpp" />
		<Unit filename="source/language.hpp" />
		<Unit filename="source/main.cpp" />
		<Unit filename="source/npc.cpp" />
		<Unit filename="source/npc.hpp" />
		<Unit filename="source/player.cpp" />
		<Unit filename="source/player.hpp" />
		<Unit filename="source/save_data.cpp" />
		<Unit filename="source/save_data.hpp" />
		<Unit filename="source/spells.cpp" />
		<Unit filename="source/spells.hpp" />
		<Extensions>
			<code_completion />
			<envvars />
			<debugger />
			<AutoVersioning>
				<Scheme minor_max="100" build_max="0" rev_max="0" rev_rand_max="10" build_times_to_increment_minor="100" />
				<Settings autoincrement="0" date_declarations="1" update_manifest="1" do_auto_increment="0" ask_to_increment="0" language="C++" svn="0" svn_directory="" header_path="version.h" />
				<Changes_Log show_changes_editor="1" app_title="released version %M.%m.%b of %p" changeslog_path="ChangesLog.txt" />
				<Code header_guard="VERSION_H" namespace="AutoVersion" prefix="" />
			</AutoVersioning>
			<DoxyBlocks>
				<comment_style block="0" line="0" />
				<doxyfile_project />
				<doxyfile_build />
				<doxyfile_warnings />
				<doxyfile_output />
				<doxyfile_dot />
				<general />
			</DoxyBlocks>
		</Extensions>
	</Project>
</CodeBlocks_project_file>
